
Microsoft Visual Studio Solution File, Format Version 12.00
# Visual Studio 14
VisualStudioVersion = 14.0.25420.1
MinimumVisualStudioVersion = 10.0.40219.1
Project("{159641D6-6404-4A2A-AE62-294DE0FE8301}") = "SSISDEMO", "SSISDEMO\SSISDEMO.dtproj", "{FB2E3B50-EC38-4171-9877-000A82B7931D}"
EndProject
Project("{FAE04EC0-301F-11D3-BF4B-00C04F79EFBC}") = "CallPackageWithNet", "CallPackageWithNet\CallPackageWithNet.csproj", "{98944DB3-961D-4312-8843-83277CA464D8}"
EndProject
Global
	GlobalSection(SolutionConfigurationPlatforms) = preSolution
		Debug|Any CPU = Debug|Any CPU
		Development|Any CPU = Development|Any CPU
		Release|Any CPU = Release|Any CPU
	EndGlobalSection
	GlobalSection(ProjectConfigurationPlatforms) = postSolution
		{FB2E3B50-EC38-4171-9877-000A82B7931D}.Debug|Any CPU.ActiveCfg = Development
		{FB2E3B50-EC38-4171-9877-000A82B7931D}.Debug|Any CPU.Build.0 = Development
		{FB2E3B50-EC38-4171-9877-000A82B7931D}.Development|Any CPU.ActiveCfg = Development
		{FB2E3B50-EC38-4171-9877-000A82B7931D}.Development|Any CPU.Build.0 = Development
		{FB2E3B50-EC38-4171-9877-000A82B7931D}.Release|Any CPU.ActiveCfg = Development
		{FB2E3B50-EC38-4171-9877-000A82B7931D}.Release|Any CPU.Build.0 = Development
		{98944DB3-961D-4312-8843-83277CA464D8}.Debug|Any CPU.ActiveCfg = Debug|Any CPU
		{98944DB3-961D-4312-8843-83277CA464D8}.Debug|Any CPU.Build.0 = Debug|Any CPU
		{98944DB3-961D-4312-8843-83277CA464D8}.Development|Any CPU.ActiveCfg = Debug|Any CPU
		{98944DB3-961D-4312-8843-83277CA464D8}.Development|Any CPU.Build.0 = Debug|Any CPU
		{98944DB3-961D-4312-8843-83277CA464D8}.Release|Any CPU.ActiveCfg = Release|Any CPU
		{98944DB3-961D-4312-8843-83277CA464D8}.Release|Any CPU.Build.0 = Release|Any CPU
	EndGlobalSection
	GlobalSection(SolutionProperties) = preSolution
		HideSolutionNode = FALSE
	EndGlobalSection
EndGlobal
